
Microsoft Visual Studio Solution File, Format Version 12.00
# Visual Studio Version 17
VisualStudioVersion = 17.11.35303.130
MinimumVisualStudioVersion = 10.0.40219.1
Project("{FAE04EC0-301F-11D3-BF4B-00C04F79EFBC}") = "williams-adrian-A1-CYOA-Terminal", "williams-adrian-A1-CYOA-Terminal.csproj", "{56738569-0B74-4698-A597-A91ACCE12989}"
EndProject
Global
	GlobalSection(SolutionConfigurationPlatforms) = preSolution
		Debug|Any CPU = Debug|Any CPU
		Release|Any CPU = Release|Any CPU
	EndGlobalSection
	GlobalSection(ProjectConfigurationPlatforms) = postSolution
		{56738569-0B74-4698-A597-A91ACCE12989}.Debug|Any CPU.ActiveCfg = Debug|Any CPU
		{56738569-0B74-4698-A597-A91ACCE12989}.Debug|Any CPU.Build.0 = Debug|Any CPU
		{56738569-0B74-4698-A597-A91ACCE12989}.Release|Any CPU.ActiveCfg = Release|Any CPU
		{56738569-0B74-4698-A597-A91ACCE12989}.Release|Any CPU.Build.0 = Release|Any CPU
	EndGlobalSection
	GlobalSection(SolutionProperties) = preSolution
		HideSolutionNode = FALSE
	EndGlobalSection
	GlobalSection(ExtensibilityGlobals) = postSolution
		SolutionGuid = {8E07ED89-70F2-4043-983C-97DC1B55F1E0}
	EndGlobalSection
EndGlobal
